{
  "name": "text-endeavor",
  "version": "0.0.1-alpha0",
  "lockfileVersion": 1,
  "requires": true,
  "dependencies": {
    "@aspnet/signalr": {
      "version": "1.0.3",
      "resolved": "https://registry.npmjs.org/@aspnet/signalr/-/signalr-1.0.3.tgz",
      "integrity": "sha512-8nPSarp4k+oP2M6P7tw2FZMXOMR86wH9GPb/4wiqA18c4Ds88SUmE0pSpnNQPDOoWGMj6y9F2Xz5JyoynCPXWQ=="
    },
    "@types/jquery": {
      "version": "3.3.6",
      "resolved": "https://registry.npmjs.org/@types/jquery/-/jquery-3.3.6.tgz",
      "integrity": "sha512-403D4wN95Mtzt2EoQHARf5oe/jEPhzBOBNrunk+ydQGW8WmkQ/E8rViRAEB1qEt/vssfGfNVD6ujP4FVeegrLg=="
    },
    "@types/signalr": {
      "version": "2.2.35",
      "resolved": "https://registry.npmjs.org/@types/signalr/-/signalr-2.2.35.tgz",
      "integrity": "sha512-YVIqZzmiNA8E1maMM57fqz44xJFTWxoNeuw3NfYv/j22lVhVXZeef1rOFo96ENpnrpEa+5ktKpDsGpozfKdTCw==",
      "requires": {
        "@types/jquery": "3.3.6"
      }
    }
  }
}
